// !$*UTF8*$!
{
	archiveVersion = 1;
	classes = {
	};
	objectVersion = 54;
	objects = {

/* Begin PBXBuildFile section */
		2040AB50B75335A8D63DB440 /* Pods_App.framework in Frameworks */ = {isa = PBXBuildFile; fileRef = 1DD2F543986B36544C69E5E0 /* Pods_App.framework */; };
		601977202E9E401200328FB6 /* ShareViewController.swift in Sources */ = {isa = PBXBuildFile; fileRef = 6019771F2E9E401200328FB6 /* ShareViewController.swift */; };
		601977212E9E401200328FB6 /* ShareView.swift in Sources */ = {isa = PBXBuildFile; fileRef = 6019771E2E9E401200328FB6 /* ShareView.swift */; };
		60199A042E9E18C800114E60 /* Image.xcassets in Resources */ = {isa = PBXBuildFile; fileRef = 60199A032E9E18C800114E60 /* Image.xcassets */; };
		6028E2532E9E0A6F00C4C95C /* SceneDelegate.m in Sources */ = {isa = PBXBuildFile; fileRef = 6028E2522E9E0A6F00C4C95C /* SceneDelegate.m */; };
		6087123D2E9E165F009B6FDC /* ContentItemCell.swift in Sources */ = {isa = PBXBuildFile; fileRef = 608712382E9E165F009B6FDC /* ContentItemCell.swift */; };
		6087123E2E9E165F009B6FDC /* SharedItem.swift in Sources */ = {isa = PBXBuildFile; fileRef = 6087123B2E9E165F009B6FDC /* SharedItem.swift */; };
		6087123F2E9E165F009B6FDC /* MainView.swift in Sources */ = {isa = PBXBuildFile; fileRef = 6087123A2E9E165F009B6FDC /* MainView.swift */; };
		608712402E9E165F009B6FDC /* SharedItemRow.swift in Sources */ = {isa = PBXBuildFile; fileRef = 6087123C2E9E165F009B6FDC /* SharedItemRow.swift */; };
		608712412E9E165F009B6FDC /* ContentItem.swift in Sources */ = {isa = PBXBuildFile; fileRef = 608712372E9E165F009B6FDC /* ContentItem.swift */; };
		608712422E9E165F009B6FDC /* ContentViewController.swift in Sources */ = {isa = PBXBuildFile; fileRef = 608712392E9E165F009B6FDC /* ContentViewController.swift */; };
		60E18E1B2E9E4584009629BD /* SharedItemModel.swift in Sources */ = {isa = PBXBuildFile; fileRef = 60E18E1A2E9E4584009629BD /* SharedItemModel.swift */; };
		60E18E1C2E9E4584009629BD /* SharedItemModel.swift in Sources */ = {isa = PBXBuildFile; fileRef = 60E18E1A2E9E4584009629BD /* SharedItemModel.swift */; };
		60E6FC7C2E9E38D400459FFD /* SceneDelegateHelper.swift in Sources */ = {isa = PBXBuildFile; fileRef = 60E6FC7B2E9E38D400459FFD /* SceneDelegateHelper.swift */; };
		93E53C4C1B04E40300A74760 /* main.m in Sources */ = {isa = PBXBuildFile; fileRef = 93E53C4B1B04E40300A74760 /* main.m */; };
		93E53C4F1B04E40300A74760 /* AppDelegate.m in Sources */ = {isa = PBXBuildFile; fileRef = 93E53C4E1B04E40300A74760 /* AppDelegate.m */; };
		93E53C521B04E40300A74760 /* ViewController.m in Sources */ = {isa = PBXBuildFile; fileRef = 93E53C511B04E40300A74760 /* ViewController.m */; };
		93E53C551B04E40300A74760 /* Main.storyboard in Resources */ = {isa = PBXBuildFile; fileRef = 93E53C531B04E40300A74760 /* Main.storyboard */; };
		93E53C571B04E40300A74760 /* Images.xcassets in Resources */ = {isa = PBXBuildFile; fileRef = 93E53C561B04E40300A74760 /* Images.xcassets */; };
		93E53C7C1B04EC7F00A74760 /* MainInterface.storyboard in Resources */ = {isa = PBXBuildFile; fileRef = 93E53C7B1B04EC7F00A74760 /* MainInterface.storyboard */; };
		93E53C7F1B04EC7F00A74760 /* Extension.appex in Embed Foundation Extensions */ = {isa = PBXBuildFile; fileRef = 93E53C741B04EC7F00A74760 /* Extension.appex */; settings = {ATTRIBUTES = (RemoveHeadersOnCopy, ); }; };
		EAE47F68FC480180A966BB46 /* Pods_Extension.framework in Frameworks */ = {isa = PBXBuildFile; fileRef = EB4FF112D59B3709239C2310 /* Pods_Extension.framework */; };
/* End PBXBuildFile section */

/* Begin PBXContainerItemProxy section */
		93E53C7D1B04EC7F00A74760 /* PBXContainerItemProxy */ = {
			isa = PBXContainerItemProxy;
			containerPortal = 93E53C3E1B04E40300A74760 /* Project object */;
			proxyType = 1;
			remoteGlobalIDString = 93E53C731B04EC7F00A74760;
			remoteInfo = ShareExtension;
		};
/* End PBXContainerItemProxy section */

/* Begin PBXCopyFilesBuildPhase section */
		93E53C831B04EC7F00A74760 /* Embed Foundation Extensions */ = {
			isa = PBXCopyFilesBuildPhase;
			buildActionMask = 2147483647;
			dstPath = "";
			dstSubfolderSpec = 13;
			files = (
				93E53C7F1B04EC7F00A74760 /* Extension.appex in Embed Foundation Extensions */,
			);
			name = "Embed Foundation Extensions";
			runOnlyForDeploymentPostprocessing = 0;
		};
/* End PBXCopyFilesBuildPhase section */

/* Begin PBXFileReference section */
		1DD2F543986B36544C69E5E0 /* Pods_App.framework */ = {isa = PBXFileReference; explicitFileType = wrapper.framework; includeInIndex = 0; path = Pods_App.framework; sourceTree = BUILT_PRODUCTS_DIR; };
		2442CB3A871ACD6A1871A3B4 /* Pods-Extension.release.xcconfig */ = {isa = PBXFileReference; includeInIndex = 1; lastKnownFileType = text.xcconfig; name = "Pods-Extension.release.xcconfig"; path = "Target Support Files/Pods-Extension/Pods-Extension.release.xcconfig"; sourceTree = "<group>"; };
		3CBEF55FBA87977FA0221D65 /* Pods-App.debug.xcconfig */ = {isa = PBXFileReference; includeInIndex = 1; lastKnownFileType = text.xcconfig; name = "Pods-App.debug.xcconfig"; path = "Target Support Files/Pods-App/Pods-App.debug.xcconfig"; sourceTree = "<group>"; };
		6019771E2E9E401200328FB6 /* ShareView.swift */ = {isa = PBXFileReference; lastKnownFileType = sourcecode.swift; path = ShareView.swift; sourceTree = "<group>"; };
		6019771F2E9E401200328FB6 /* ShareViewController.swift */ = {isa = PBXFileReference; lastKnownFileType = sourcecode.swift; path = ShareViewController.swift; sourceTree = "<group>"; };
		60199A032E9E18C800114E60 /* Image.xcassets */ = {isa = PBXFileReference; lastKnownFileType = folder.assetcatalog; path = Image.xcassets; sourceTree = "<group>"; };
		6028E2512E9E0A6F00C4C95C /* SceneDelegate.h */ = {isa = PBXFileReference; lastKnownFileType = sourcecode.c.h; path = SceneDelegate.h; sourceTree = "<group>"; };
		6028E2522E9E0A6F00C4C95C /* SceneDelegate.m */ = {isa = PBXFileReference; lastKnownFileType = sourcecode.c.objc; path = SceneDelegate.m; sourceTree = "<group>"; };
		6036E5AE2E9E12E2002661FE /* App-Bridging-Header.h */ = {isa = PBXFileReference; lastKnownFileType = sourcecode.c.h; path = "App-Bridging-Header.h"; sourceTree = "<group>"; };
		608712372E9E165F009B6FDC /* ContentItem.swift */ = {isa = PBXFileReference; lastKnownFileType = sourcecode.swift; path = ContentItem.swift; sourceTree = "<group>"; };
		608712382E9E165F009B6FDC /* ContentItemCell.swift */ = {isa = PBXFileReference; lastKnownFileType = sourcecode.swift; path = ContentItemCell.swift; sourceTree = "<group>"; };
		608712392E9E165F009B6FDC /* ContentViewController.swift */ = {isa = PBXFileReference; lastKnownFileType = sourcecode.swift; path = ContentViewController.swift; sourceTree = "<group>"; };
		6087123A2E9E165F009B6FDC /* MainView.swift */ = {isa = PBXFileReference; lastKnownFileType = sourcecode.swift; path = MainView.swift; sourceTree = "<group>"; };
		6087123B2E9E165F009B6FDC /* SharedItem.swift */ = {isa = PBXFileReference; lastKnownFileType = sourcecode.swift; path = SharedItem.swift; sourceTree = "<group>"; };
		6087123C2E9E165F009B6FDC /* SharedItemRow.swift */ = {isa = PBXFileReference; lastKnownFileType = sourcecode.swift; path = SharedItemRow.swift; sourceTree = "<group>"; };
		60E18E1A2E9E4584009629BD /* SharedItemModel.swift */ = {isa = PBXFileReference; lastKnownFileType = sourcecode.swift; name = SharedItemModel.swift; path = Shared/SharedItemModel.swift; sourceTree = SOURCE_ROOT; };
		60E6FC792E9E375400459FFD /* App.entitlements */ = {isa = PBXFileReference; lastKnownFileType = text.plist.entitlements; path = App.entitlements; sourceTree = "<group>"; };
		60E6FC7A2E9E383400459FFD /* Extension.entitlements */ = {isa = PBXFileReference; lastKnownFileType = text.plist.entitlements; path = Extension.entitlements; sourceTree = "<group>"; };
		60E6FC7B2E9E38D400459FFD /* SceneDelegateHelper.swift */ = {isa = PBXFileReference; lastKnownFileType = sourcecode.swift; path = SceneDelegateHelper.swift; sourceTree = "<group>"; };
		93E53C461B04E40300A74760 /* App.app */ = {isa = PBXFileReference; explicitFileType = wrapper.application; includeInIndex = 0; path = App.app; sourceTree = BUILT_PRODUCTS_DIR; };
		93E53C4A1B04E40300A74760 /* Info.plist */ = {isa = PBXFileReference; lastKnownFileType = text.plist.xml; path = Info.plist; sourceTree = "<group>"; };
		93E53C4B1B04E40300A74760 /* main.m */ = {isa = PBXFileReference; lastKnownFileType = sourcecode.c.objc; path = main.m; sourceTree = "<group>"; };
		93E53C4D1B04E40300A74760 /* AppDelegate.h */ = {isa = PBXFileReference; lastKnownFileType = sourcecode.c.h; path = AppDelegate.h; sourceTree = "<group>"; };
		93E53C4E1B04E40300A74760 /* AppDelegate.m */ = {isa = PBXFileReference; lastKnownFileType = sourcecode.c.objc; path = AppDelegate.m; sourceTree = "<group>"; };
		93E53C501B04E40300A74760 /* ViewController.h */ = {isa = PBXFileReference; lastKnownFileType = sourcecode.c.h; path = ViewController.h; sourceTree = "<group>"; };
		93E53C511B04E40300A74760 /* ViewController.m */ = {isa = PBXFileReference; lastKnownFileType = sourcecode.c.objc; path = ViewController.m; sourceTree = "<group>"; };
		93E53C541B04E40300A74760 /* Base */ = {isa = PBXFileReference; lastKnownFileType = file.storyboard; name = Base; path = Base.lproj/Main.storyboard; sourceTree = "<group>"; };
		93E53C561B04E40300A74760 /* Images.xcassets */ = {isa = PBXFileReference; lastKnownFileType = folder.assetcatalog; path = Images.xcassets; sourceTree = "<group>"; };
		93E53C741B04EC7F00A74760 /* Extension.appex */ = {isa = PBXFileReference; explicitFileType = "wrapper.app-extension"; includeInIndex = 0; path = Extension.appex; sourceTree = BUILT_PRODUCTS_DIR; };
		93E53C771B04EC7F00A74760 /* Info.plist */ = {isa = PBXFileReference; lastKnownFileType = text.plist.xml; path = Info.plist; sourceTree = "<group>"; };
		93E53C7B1B04EC7F00A74760 /* MainInterface.storyboard */ = {isa = PBXFileReference; lastKnownFileType = file.storyboard; path = MainInterface.storyboard; sourceTree = "<group>"; };
		9C93F18EA335A3E8EF7C11AA /* Pods-App.release.xcconfig */ = {isa = PBXFileReference; includeInIndex = 1; lastKnownFileType = text.xcconfig; name = "Pods-App.release.xcconfig"; path = "Target Support Files/Pods-App/Pods-App.release.xcconfig"; sourceTree = "<group>"; };
		EB4FF112D59B3709239C2310 /* Pods_Extension.framework */ = {isa = PBXFileReference; explicitFileType = wrapper.framework; includeInIndex = 0; path = Pods_Extension.framework; sourceTree = BUILT_PRODUCTS_DIR; };
		FA5860C46F73A6ABE36ADA91 /* Pods-Extension.debug.xcconfig */ = {isa = PBXFileReference; includeInIndex = 1; lastKnownFileType = text.xcconfig; name = "Pods-Extension.debug.xcconfig"; path = "Target Support Files/Pods-Extension/Pods-Extension.debug.xcconfig"; sourceTree = "<group>"; };
/* End PBXFileReference section */

/* Begin PBXFrameworksBuildPhase section */
		93E53C431B04E40300A74760 /* Frameworks */ = {
			isa = PBXFrameworksBuildPhase;
			buildActionMask = 2147483647;
			files = (
				2040AB50B75335A8D63DB440 /* Pods_App.framework in Frameworks */,
			);
			runOnlyForDeploymentPostprocessing = 0;
		};
		93E53C711B04EC7F00A74760 /* Frameworks */ = {
			isa = PBXFrameworksBuildPhase;
			buildActionMask = 2147483647;
			files = (
				EAE47F68FC480180A966BB46 /* Pods_Extension.framework in Frameworks */,
			);
			runOnlyForDeploymentPostprocessing = 0;
		};
/* End PBXFrameworksBuildPhase section */

/* Begin PBXGroup section */
		1A8C03E3733ED5C4E7860BB2 /* Pods */ = {
			isa = PBXGroup;
			children = (
				3CBEF55FBA87977FA0221D65 /* Pods-App.debug.xcconfig */,
				9C93F18EA335A3E8EF7C11AA /* Pods-App.release.xcconfig */,
				FA5860C46F73A6ABE36ADA91 /* Pods-Extension.debug.xcconfig */,
				2442CB3A871ACD6A1871A3B4 /* Pods-Extension.release.xcconfig */,
			);
			path = Pods;
			sourceTree = "<group>";
		};
		93E53C3D1B04E40300A74760 = {
			isa = PBXGroup;
			children = (
				93E53C481B04E40300A74760 /* App */,
				93E53C751B04EC7F00A74760 /* Extension */,
				93E53C471B04E40300A74760 /* Products */,
				1A8C03E3733ED5C4E7860BB2 /* Pods */,
				C86D4E09DA021C2AAE4BFC2B /* Frameworks */,
			);
			sourceTree = "<group>";
		};
		93E53C471B04E40300A74760 /* Products */ = {
			isa = PBXGroup;
			children = (
				93E53C461B04E40300A74760 /* App.app */,
				93E53C741B04EC7F00A74760 /* Extension.appex */,
			);
			name = Products;
			sourceTree = "<group>";
		};
		93E53C481B04E40300A74760 /* App */ = {
			isa = PBXGroup;
			children = (
				60E6FC7B2E9E38D400459FFD /* SceneDelegateHelper.swift */,
				60E6FC792E9E375400459FFD /* App.entitlements */,
				608712372E9E165F009B6FDC /* ContentItem.swift */,
				608712382E9E165F009B6FDC /* ContentItemCell.swift */,
				608712392E9E165F009B6FDC /* ContentViewController.swift */,
				6087123A2E9E165F009B6FDC /* MainView.swift */,
				6087123B2E9E165F009B6FDC /* SharedItem.swift */,
				6087123C2E9E165F009B6FDC /* SharedItemRow.swift */,
				93E53C4D1B04E40300A74760 /* AppDelegate.h */,
				93E53C4E1B04E40300A74760 /* AppDelegate.m */,
				6028E2512E9E0A6F00C4C95C /* SceneDelegate.h */,
				6028E2522E9E0A6F00C4C95C /* SceneDelegate.m */,
				93E53C501B04E40300A74760 /* ViewController.h */,
				93E53C511B04E40300A74760 /* ViewController.m */,
				93E53C531B04E40300A74760 /* Main.storyboard */,
				93E53C561B04E40300A74760 /* Images.xcassets */,
				93E53C491B04E40300A74760 /* Supporting Files */,
				6036E5AE2E9E12E2002661FE /* App-Bridging-Header.h */,
			);
			path = App;
			sourceTree = "<group>";
		};
		93E53C491B04E40300A74760 /* Supporting Files */ = {
			isa = PBXGroup;
			children = (
				93E53C4A1B04E40300A74760 /* Info.plist */,
				93E53C4B1B04E40300A74760 /* main.m */,
			);
			name = "Supporting Files";
			sourceTree = "<group>";
		};
		93E53C751B04EC7F00A74760 /* Extension */ = {
			isa = PBXGroup;
			children = (
				60E18E1A2E9E4584009629BD /* SharedItemModel.swift */,
				6019771E2E9E401200328FB6 /* ShareView.swift */,
				6019771F2E9E401200328FB6 /* ShareViewController.swift */,
				60E6FC7A2E9E383400459FFD /* Extension.entitlements */,
				93E53C7B1B04EC7F00A74760 /* MainInterface.storyboard */,
				93E53C761B04EC7F00A74760 /* Supporting Files */,
				60199A032E9E18C800114E60 /* Image.xcassets */,
			);
			path = Extension;
			sourceTree = "<group>";
		};
		93E53C761B04EC7F00A74760 /* Supporting Files */ = {
			isa = PBXGroup;
			children = (
				93E53C771B04EC7F00A74760 /* Info.plist */,
			);
			name = "Supporting Files";
			sourceTree = "<group>";
		};
		C86D4E09DA021C2AAE4BFC2B /* Frameworks */ = {
			isa = PBXGroup;
			children = (
				1DD2F543986B36544C69E5E0 /* Pods_App.framework */,
				EB4FF112D59B3709239C2310 /* Pods_Extension.framework */,
			);
			name = Frameworks;
			sourceTree = "<group>";
		};
/* End PBXGroup section */

/* Begin PBXNativeTarget section */
		93E53C451B04E40300A74760 /* App */ = {
			isa = PBXNativeTarget;
			buildConfigurationList = 93E53C691B04E40400A74760 /* Build configuration list for PBXNativeTarget "App" */;
			buildPhases = (
				FEB6EB67534528495877A027 /* [CP] Check Pods Manifest.lock */,
				93E53C421B04E40300A74760 /* Sources */,
				93E53C431B04E40300A74760 /* Frameworks */,
				93E53C441B04E40300A74760 /* Resources */,
				93E53C831B04EC7F00A74760 /* Embed Foundation Extensions */,
				7A52B48B28FA91815339F791 /* [CP] Embed Pods Frameworks */,
			);
			buildRules = (
			);
			dependencies = (
				93E53C7E1B04EC7F00A74760 /* PBXTargetDependency */,
			);
			name = App;
			productName = XExtensionItemExample;
			productReference = 93E53C461B04E40300A74760 /* App.app */;
			productType = "com.apple.product-type.application";
		};
		93E53C731B04EC7F00A74760 /* Extension */ = {
			isa = PBXNativeTarget;
			buildConfigurationList = 93E53C821B04EC7F00A74760 /* Build configuration list for PBXNativeTarget "Extension" */;
			buildPhases = (
				0B7B21C7B997185A51B2AB61 /* [CP] Check Pods Manifest.lock */,
				93E53C701B04EC7F00A74760 /* Sources */,
				93E53C711B04EC7F00A74760 /* Frameworks */,
				93E53C721B04EC7F00A74760 /* Resources */,
			);
			buildRules = (
			);
			dependencies = (
			);
			name = Extension;
			productName = ShareExtension;
			productReference = 93E53C741B04EC7F00A74760 /* Extension.appex */;
			productType = "com.apple.product-type.app-extension";
		};
/* End PBXNativeTarget section */

/* Begin PBXProject section */
		93E53C3E1B04E40300A74760 /* Project object */ = {
			isa = PBXProject;
			attributes = {
				BuildIndependentTargetsInParallel = YES;
				LastUpgradeCheck = 2600;
				ORGANIZATIONNAME = "Bryan Irace";
				TargetAttributes = {
					93E53C451B04E40300A74760 = {
						CreatedOnToolsVersion = 6.3.1;
						DevelopmentTeam = 4KWT6HL672;
						LastSwiftMigration = 2600;
						ProvisioningStyle = Manual;
					};
					93E53C731B04EC7F00A74760 = {
						CreatedOnToolsVersion = 6.3.1;
						DevelopmentTeam = 4KWT6HL672;
						LastSwiftMigration = 2600;
						ProvisioningStyle = Manual;
					};
				};
			};
			buildConfigurationList = 93E53C411B04E40300A74760 /* Build configuration list for PBXProject "TransAny" */;
			compatibilityVersion = "Xcode 3.2";
			developmentRegion = en;
			hasScannedForEncodings = 0;
			knownRegions = (
				en,
				Base,
			);
			mainGroup = 93E53C3D1B04E40300A74760;
			productRefGroup = 93E53C471B04E40300A74760 /* Products */;
			projectDirPath = "";
			projectRoot = "";
			targets = (
				93E53C451B04E40300A74760 /* App */,
				93E53C731B04EC7F00A74760 /* Extension */,
			);
		};
/* End PBXProject section */

/* Begin PBXResourcesBuildPhase section */
		93E53C441B04E40300A74760 /* Resources */ = {
			isa = PBXResourcesBuildPhase;
			buildActionMask = 2147483647;
			files = (
				93E53C551B04E40300A74760 /* Main.storyboard in Resources */,
				93E53C571B04E40300A74760 /* Images.xcassets in Resources */,
			);
			runOnlyForDeploymentPostprocessing = 0;
		};
		93E53C721B04EC7F00A74760 /* Resources */ = {
			isa = PBXResourcesBuildPhase;
			buildActionMask = 2147483647;
			files = (
				93E53C7C1B04EC7F00A74760 /* MainInterface.storyboard in Resources */,
				60199A042E9E18C800114E60 /* Image.xcassets in Resources */,
			);
			runOnlyForDeploymentPostprocessing = 0;
		};
/* End PBXResourcesBuildPhase section */

/* Begin PBXShellScriptBuildPhase section */
		0B7B21C7B997185A51B2AB61 /* [CP] Check Pods Manifest.lock */ = {
			isa = PBXShellScriptBuildPhase;
			buildActionMask = 2147483647;
			files = (
			);
			inputFileListPaths = (
			);
			inputPaths = (
				"${PODS_PODFILE_DIR_PATH}/Podfile.lock",
				"${PODS_ROOT}/Manifest.lock",
			);
			name = "[CP] Check Pods Manifest.lock";
			outputFileListPaths = (
			);
			outputPaths = (
				"$(DERIVED_FILE_DIR)/Pods-Extension-checkManifestLockResult.txt",
			);
			runOnlyForDeploymentPostprocessing = 0;
			shellPath = /bin/sh;
			shellScript = "diff \"${PODS_PODFILE_DIR_PATH}/Podfile.lock\" \"${PODS_ROOT}/Manifest.lock\" > /dev/null\nif [ $? != 0 ] ; then\n    # print error to STDERR\n    echo \"error: The sandbox is not in sync with the Podfile.lock. Run 'pod install' or update your CocoaPods installation.\" >&2\n    exit 1\nfi\n# This output is used by Xcode 'outputs' to avoid re-running this script phase.\necho \"SUCCESS\" > \"${SCRIPT_OUTPUT_FILE_0}\"\n";
			showEnvVarsInLog = 0;
		};
		7A52B48B28FA91815339F791 /* [CP] Embed Pods Frameworks */ = {
			isa = PBXShellScriptBuildPhase;
			buildActionMask = 2147483647;
			files = (
			);
			inputPaths = (
				"${PODS_ROOT}/Target Support Files/Pods-App/Pods-App-frameworks.sh",
				"${BUILT_PRODUCTS_DIR}/XExtensionItem/XExtensionItem.framework",
			);
			name = "[CP] Embed Pods Frameworks";
			outputPaths = (
				"${TARGET_BUILD_DIR}/${FRAMEWORKS_FOLDER_PATH}/XExtensionItem.framework",
			);
			runOnlyForDeploymentPostprocessing = 0;
			shellPath = /bin/sh;
			shellScript = "\"${PODS_ROOT}/Target Support Files/Pods-App/Pods-App-frameworks.sh\"\n";
			showEnvVarsInLog = 0;
		};
		FEB6EB67534528495877A027 /* [CP] Check Pods Manifest.lock */ = {
			isa = PBXShellScriptBuildPhase;
			buildActionMask = 2147483647;
			files = (
			);
			inputFileListPaths = (
			);
			inputPaths = (
				"${PODS_PODFILE_DIR_PATH}/Podfile.lock",
				"${PODS_ROOT}/Manifest.lock",
			);
			name = "[CP] Check Pods Manifest.lock";
			outputFileListPaths = (
			);
			outputPaths = (
				"$(DERIVED_FILE_DIR)/Pods-App-checkManifestLockResult.txt",
			);
			runOnlyForDeploymentPostprocessing = 0;
			shellPath = /bin/sh;
			shellScript = "diff \"${PODS_PODFILE_DIR_PATH}/Podfile.lock\" \"${PODS_ROOT}/Manifest.lock\" > /dev/null\nif [ $? != 0 ] ; then\n    # print error to STDERR\n    echo \"error: The sandbox is not in sync with the Podfile.lock. Run 'pod install' or update your CocoaPods installation.\" >&2\n    exit 1\nfi\n# This output is used by Xcode 'outputs' to avoid re-running this script phase.\necho \"SUCCESS\" > \"${SCRIPT_OUTPUT_FILE_0}\"\n";
			showEnvVarsInLog = 0;
		};
/* End PBXShellScriptBuildPhase section */

/* Begin PBXSourcesBuildPhase section */
		93E53C421B04E40300A74760 /* Sources */ = {
			isa = PBXSourcesBuildPhase;
			buildActionMask = 2147483647;
			files = (
				93E53C521B04E40300A74760 /* ViewController.m in Sources */,
				60E6FC7C2E9E38D400459FFD /* SceneDelegateHelper.swift in Sources */,
				93E53C4F1B04E40300A74760 /* AppDelegate.m in Sources */,
				60E18E1C2E9E4584009629BD /* SharedItemModel.swift in Sources */,
				6087123D2E9E165F009B6FDC /* ContentItemCell.swift in Sources */,
				6087123E2E9E165F009B6FDC /* SharedItem.swift in Sources */,
				6087123F2E9E165F009B6FDC /* MainView.swift in Sources */,
				608712402E9E165F009B6FDC /* SharedItemRow.swift in Sources */,
				608712412E9E165F009B6FDC /* ContentItem.swift in Sources */,
				608712422E9E165F009B6FDC /* ContentViewController.swift in Sources */,
				93E53C4C1B04E40300A74760 /* main.m in Sources */,
				6028E2532E9E0A6F00C4C95C /* SceneDelegate.m in Sources */,
			);
			runOnlyForDeploymentPostprocessing = 0;
		};
		93E53C701B04EC7F00A74760 /* Sources */ = {
			isa = PBXSourcesBuildPhase;
			buildActionMask = 2147483647;
			files = (
				60E18E1B2E9E4584009629BD /* SharedItemModel.swift in Sources */,
				601977202E9E401200328FB6 /* ShareViewController.swift in Sources */,
				601977212E9E401200328FB6 /* ShareView.swift in Sources */,
			);
			runOnlyForDeploymentPostprocessing = 0;
		};
/* End PBXSourcesBuildPhase section */

/* Begin PBXTargetDependency section */
		93E53C7E1B04EC7F00A74760 /* PBXTargetDependency */ = {
			isa = PBXTargetDependency;
			target = 93E53C731B04EC7F00A74760 /* Extension */;
			targetProxy = 93E53C7D1B04EC7F00A74760 /* PBXContainerItemProxy */;
		};
/* End PBXTargetDependency section */

/* Begin PBXVariantGroup section */
		93E53C531B04E40300A74760 /* Main.storyboard */ = {
			isa = PBXVariantGroup;
			children = (
				93E53C541B04E40300A74760 /* Base */,
			);
			name = Main.storyboard;
			sourceTree = "<group>";
		};
/* End PBXVariantGroup section */

/* Begin XCBuildConfiguration section */
		93E53C671B04E40400A74760 /* Debug */ = {
			isa = XCBuildConfiguration;
			buildSettings = {
				ALWAYS_SEARCH_USER_PATHS = NO;
				CLANG_CXX_LANGUAGE_STANDARD = "gnu++0x";
				CLANG_CXX_LIBRARY = "libc++";
				CLANG_ENABLE_MODULES = YES;
				CLANG_ENABLE_OBJC_ARC = YES;
				CLANG_WARN_BLOCK_CAPTURE_AUTORELEASING = YES;
				CLANG_WARN_BOOL_CONVERSION = YES;
				CLANG_WARN_COMMA = YES;
				CLANG_WARN_CONSTANT_CONVERSION = YES;
				CLANG_WARN_DEPRECATED_OBJC_IMPLEMENTATIONS = YES;
				CLANG_WARN_DIRECT_OBJC_ISA_USAGE = YES_ERROR;
				CLANG_WARN_EMPTY_BODY = YES;
				CLANG_WARN_ENUM_CONVERSION = YES;
				CLANG_WARN_INFINITE_RECURSION = YES;
				CLANG_WARN_INT_CONVERSION = YES;
				CLANG_WARN_NON_LITERAL_NULL_CONVERSION = YES;
				CLANG_WARN_OBJC_IMPLICIT_RETAIN_SELF = YES;
				CLANG_WARN_OBJC_LITERAL_CONVERSION = YES;
				CLANG_WARN_OBJC_ROOT_CLASS = YES_ERROR;
				CLANG_WARN_QUOTED_INCLUDE_IN_FRAMEWORK_HEADER = YES;
				CLANG_WARN_RANGE_LOOP_ANALYSIS = YES;
				CLANG_WARN_STRICT_PROTOTYPES = YES;
				CLANG_WARN_SUSPICIOUS_MOVE = YES;
				CLANG_WARN_UNREACHABLE_CODE = YES;
				CLANG_WARN__DUPLICATE_METHOD_MATCH = YES;
				"CODE_SIGN_IDENTITY[sdk=iphoneos*]" = "iPhone Developer";
				COPY_PHASE_STRIP = NO;
				DEBUG_INFORMATION_FORMAT = "dwarf-with-dsym";
				ENABLE_STRICT_OBJC_MSGSEND = YES;
				ENABLE_TESTABILITY = YES;
				ENABLE_USER_SCRIPT_SANDBOXING = YES;
				GCC_C_LANGUAGE_STANDARD = gnu99;
				GCC_DYNAMIC_NO_PIC = NO;
				GCC_NO_COMMON_BLOCKS = YES;
				GCC_OPTIMIZATION_LEVEL = 0;
				GCC_PREPROCESSOR_DEFINITIONS = (
					"DEBUG=1",
					"$(inherited)",
				);
				GCC_SYMBOLS_PRIVATE_EXTERN = NO;
				GCC_WARN_64_TO_32_BIT_CONVERSION = YES;
				GCC_WARN_ABOUT_RETURN_TYPE = YES_ERROR;
				GCC_WARN_UNDECLARED_SELECTOR = YES;
				GCC_WARN_UNINITIALIZED_AUTOS = YES_AGGRESSIVE;
				GCC_WARN_UNUSED_FUNCTION = YES;
				GCC_WARN_UNUSED_VARIABLE = YES;
				IPHONEOS_DEPLOYMENT_TARGET = 15.6;
				MTL_ENABLE_DEBUG_INFO = YES;
				ONLY_ACTIVE_ARCH = YES;
				SDKROOT = iphoneos;
				STRING_CATALOG_GENERATE_SYMBOLS = YES;
			};
			name = Debug;
		};
		93E53C681B04E40400A74760 /* Release */ = {
			isa = XCBuildConfiguration;
			buildSettings = {
				ALWAYS_SEARCH_USER_PATHS = NO;
				CLANG_CXX_LANGUAGE_STANDARD = "gnu++0x";
				CLANG_CXX_LIBRARY = "libc++";
				CLANG_ENABLE_MODULES = YES;
				CLANG_ENABLE_OBJC_ARC = YES;
				CLANG_WARN_BLOCK_CAPTURE_AUTORELEASING = YES;
				CLANG_WARN_BOOL_CONVERSION = YES;
				CLANG_WARN_COMMA = YES;
				CLANG_WARN_CONSTANT_CONVERSION = YES;
				CLANG_WARN_DEPRECATED_OBJC_IMPLEMENTATIONS = YES;
				CLANG_WARN_DIRECT_OBJC_ISA_USAGE = YES_ERROR;
				CLANG_WARN_EMPTY_BODY = YES;
				CLANG_WARN_ENUM_CONVERSION = YES;
				CLANG_WARN_INFINITE_RECURSION = YES;
				CLANG_WARN_INT_CONVERSION = YES;
				CLANG_WARN_NON_LITERAL_NULL_CONVERSION = YES;
				CLANG_WARN_OBJC_IMPLICIT_RETAIN_SELF = YES;
				CLANG_WARN_OBJC_LITERAL_CONVERSION = YES;
				CLANG_WARN_OBJC_ROOT_CLASS = YES_ERROR;
				CLANG_WARN_QUOTED_INCLUDE_IN_FRAMEWORK_HEADER = YES;
				CLANG_WARN_RANGE_LOOP_ANALYSIS = YES;
				CLANG_WARN_STRICT_PROTOTYPES = YES;
				CLANG_WARN_SUSPICIOUS_MOVE = YES;
				CLANG_WARN_UNREACHABLE_CODE = YES;
				CLANG_WARN__DUPLICATE_METHOD_MATCH = YES;
				"CODE_SIGN_IDENTITY[sdk=iphoneos*]" = "iPhone Developer";
				COPY_PHASE_STRIP = NO;
				DEBUG_INFORMATION_FORMAT = "dwarf-with-dsym";
				ENABLE_NS_ASSERTIONS = NO;
				ENABLE_STRICT_OBJC_MSGSEND = YES;
				ENABLE_USER_SCRIPT_SANDBOXING = YES;
				GCC_C_LANGUAGE_STANDARD = gnu99;
				GCC_NO_COMMON_BLOCKS = YES;
				GCC_WARN_64_TO_32_BIT_CONVERSION = YES;
				GCC_WARN_ABOUT_RETURN_TYPE = YES_ERROR;
				GCC_WARN_UNDECLARED_SELECTOR = YES;
				GCC_WARN_UNINITIALIZED_AUTOS = YES_AGGRESSIVE;
				GCC_WARN_UNUSED_FUNCTION = YES;
				GCC_WARN_UNUSED_VARIABLE = YES;
				IPHONEOS_DEPLOYMENT_TARGET = 15.6;
				MTL_ENABLE_DEBUG_INFO = NO;
				SDKROOT = iphoneos;
				STRING_CATALOG_GENERATE_SYMBOLS = YES;
				VALIDATE_PRODUCT = YES;
			};
			name = Release;
		};
		93E53C6A1B04E40400A74760 /* Debug */ = {
			isa = XCBuildConfiguration;
			baseConfigurationReference = 3CBEF55FBA87977FA0221D65 /* Pods-App.debug.xcconfig */;
			buildSettings = {
				ASSETCATALOG_COMPILER_APPICON_NAME = AppIcon;
				CLANG_ENABLE_MODULES = YES;
				CODE_SIGN_ENTITLEMENTS = App/App.entitlements;
				CODE_SIGN_STYLE = Manual;
				DEVELOPMENT_TEAM = "";
				"DEVELOPMENT_TEAM[sdk=iphoneos*]" = 4KWT6HL672;
				ENABLE_USER_SCRIPT_SANDBOXING = NO;
				INFOPLIST_FILE = App/Info.plist;
				IPHONEOS_DEPLOYMENT_TARGET = 15.6;
				LD_RUNPATH_SEARCH_PATHS = (
					"$(inherited)",
					"@executable_path/Frameworks",
				);
				PRODUCT_BUNDLE_IDENTIFIER = cc.raoqu.transany;
				PRODUCT_NAME = "$(TARGET_NAME)";
				PROVISIONING_PROFILE_SPECIFIER = "";
				"PROVISIONING_PROFILE_SPECIFIER[sdk=iphoneos*]" = TransAny;
				SWIFT_OBJC_BRIDGING_HEADER = "App/App-Bridging-Header.h";
				SWIFT_OPTIMIZATION_LEVEL = "-Onone";
				SWIFT_VERSION = 6.0;
			};
			name = Debug;
		};
		93E53C6B1B04E40400A74760 /* Release */ = {
			isa = XCBuildConfiguration;
			baseConfigurationReference = 9C93F18EA335A3E8EF7C11AA /* Pods-App.release.xcconfig */;
			buildSettings = {
				ASSETCATALOG_COMPILER_APPICON_NAME = AppIcon;
				CLANG_ENABLE_MODULES = YES;
				CODE_SIGN_ENTITLEMENTS = App/App.entitlements;
				CODE_SIGN_STYLE = Manual;
				DEVELOPMENT_TEAM = "";
				"DEVELOPMENT_TEAM[sdk=iphoneos*]" = 4KWT6HL672;
				ENABLE_USER_SCRIPT_SANDBOXING = NO;
				INFOPLIST_FILE = App/Info.plist;
				IPHONEOS_DEPLOYMENT_TARGET = 15.6;
				LD_RUNPATH_SEARCH_PATHS = (
					"$(inherited)",
					"@executable_path/Frameworks",
				);
				PRODUCT_BUNDLE_IDENTIFIER = cc.raoqu.transany;
				PRODUCT_NAME = "$(TARGET_NAME)";
				PROVISIONING_PROFILE_SPECIFIER = "";
				"PROVISIONING_PROFILE_SPECIFIER[sdk=iphoneos*]" = TransAny;
				SWIFT_OBJC_BRIDGING_HEADER = "App/App-Bridging-Header.h";
				SWIFT_VERSION = 6.0;
			};
			name = Release;
		};
		93E53C801B04EC7F00A74760 /* Debug */ = {
			isa = XCBuildConfiguration;
			baseConfigurationReference = FA5860C46F73A6ABE36ADA91 /* Pods-Extension.debug.xcconfig */;
			buildSettings = {
				CLANG_ENABLE_MODULES = YES;
				CODE_SIGN_ENTITLEMENTS = Extension/Extension.entitlements;
				CODE_SIGN_STYLE = Manual;
				DEVELOPMENT_TEAM = "";
				"DEVELOPMENT_TEAM[sdk=iphoneos*]" = 4KWT6HL672;
				ENABLE_USER_SCRIPT_SANDBOXING = NO;
				GCC_PREPROCESSOR_DEFINITIONS = (
					"DEBUG=1",
					"$(inherited)",
				);
				INFOPLIST_FILE = Extension/Info.plist;
				IPHONEOS_DEPLOYMENT_TARGET = 15.6;
				LD_RUNPATH_SEARCH_PATHS = (
					"$(inherited)",
					"@executable_path/Frameworks",
					"@executable_path/../../Frameworks",
				);
				PRODUCT_BUNDLE_IDENTIFIER = cc.raoqu.transany.shareextension;
				PRODUCT_NAME = "$(TARGET_NAME)";
				PROVISIONING_PROFILE_SPECIFIER = "";
				"PROVISIONING_PROFILE_SPECIFIER[sdk=iphoneos*]" = "TansAny Extension";
				SKIP_INSTALL = YES;
				SWIFT_OPTIMIZATION_LEVEL = "-Onone";
				SWIFT_VERSION = 6.0;
			};
			name = Debug;
		};
		93E53C811B04EC7F00A74760 /* Release */ = {
			isa = XCBuildConfiguration;
			baseConfigurationReference = 2442CB3A871ACD6A1871A3B4 /* Pods-Extension.release.xcconfig */;
			buildSettings = {
				CLANG_ENABLE_MODULES = YES;
				CODE_SIGN_ENTITLEMENTS = Extension/Extension.entitlements;
				CODE_SIGN_STYLE = Manual;
				DEVELOPMENT_TEAM = "";
				"DEVELOPMENT_TEAM[sdk=iphoneos*]" = 4KWT6HL672;
				ENABLE_USER_SCRIPT_SANDBOXING = NO;
				INFOPLIST_FILE = Extension/Info.plist;
				IPHONEOS_DEPLOYMENT_TARGET = 15.6;
				LD_RUNPATH_SEARCH_PATHS = (
					"$(inherited)",
					"@executable_path/Frameworks",
					"@executable_path/../../Frameworks",
				);
				PRODUCT_BUNDLE_IDENTIFIER = cc.raoqu.transany.shareextension;
				PRODUCT_NAME = "$(TARGET_NAME)";
				PROVISIONING_PROFILE_SPECIFIER = "";
				"PROVISIONING_PROFILE_SPECIFIER[sdk=iphoneos*]" = "TansAny Extension";
				SKIP_INSTALL = YES;
				SWIFT_VERSION = 6.0;
			};
			name = Release;
		};
/* End XCBuildConfiguration section */

/* Begin XCConfigurationList section */
		93E53C411B04E40300A74760 /* Build configuration list for PBXProject "TransAny" */ = {
			isa = XCConfigurationList;
			buildConfigurations = (
				93E53C671B04E40400A74760 /* Debug */,
				93E53C681B04E40400A74760 /* Release */,
			);
			defaultConfigurationIsVisible = 0;
			defaultConfigurationName = Release;
		};
		93E53C691B04E40400A74760 /* Build configuration list for PBXNativeTarget "App" */ = {
			isa = XCConfigurationList;
			buildConfigurations = (
				93E53C6A1B04E40400A74760 /* Debug */,
				93E53C6B1B04E40400A74760 /* Release */,
			);
			defaultConfigurationIsVisible = 0;
			defaultConfigurationName = Release;
		};
		93E53C821B04EC7F00A74760 /* Build configuration list for PBXNativeTarget "Extension" */ = {
			isa = XCConfigurationList;
			buildConfigurations = (
				93E53C801B04EC7F00A74760 /* Debug */,
				93E53C811B04EC7F00A74760 /* Release */,
			);
			defaultConfigurationIsVisible = 0;
			defaultConfigurationName = Release;
		};
/* End XCConfigurationList section */
	};
	rootObject = 93E53C3E1B04E40300A74760 /* Project object */;
}
